// !$*UTF8*$!
{
	archiveVersion = 1;
	classes = {
	};
	objectVersion = 46;
	objects = {

/* Begin PBXBuildFile section */
		704842281E8E2AD20006D1B0 /* AppDelegate.swift in Sources */ = {isa = PBXBuildFile; fileRef = 704842271E8E2AD20006D1B0 /* AppDelegate.swift */; };
		7048422A1E8E2AD20006D1B0 /* ViewController.swift in Sources */ = {isa = PBXBuildFile; fileRef = 704842291E8E2AD20006D1B0 /* ViewController.swift */; };
		7048422D1E8E2AD20006D1B0 /* Main.storyboard in Resources */ = {isa = PBXBuildFile; fileRef = 7048422B1E8E2AD20006D1B0 /* Main.storyboard */; };
		7048422F1E8E2AD30006D1B0 /* Assets.xcassets in Resources */ = {isa = PBXBuildFile; fileRef = 7048422E1E8E2AD30006D1B0 /* Assets.xcassets */; };
		704842321E8E2AD30006D1B0 /* LaunchScreen.storyboard in Resources */ = {isa = PBXBuildFile; fileRef = 704842301E8E2AD30006D1B0 /* LaunchScreen.storyboard */; };
		7048423D1E8E2AD40006D1B0 /* SoolyCitySelectorTests.swift in Sources */ = {isa = PBXBuildFile; fileRef = 7048423C1E8E2AD40006D1B0 /* SoolyCitySelectorTests.swift */; };
		704842481E8E2AD50006D1B0 /* SoolyCitySelectorUITests.swift in Sources */ = {isa = PBXBuildFile; fileRef = 704842471E8E2AD50006D1B0 /* SoolyCitySelectorUITests.swift */; };
/* End PBXBuildFile section */

/* Begin PBXContainerItemProxy section */
		704842391E8E2AD30006D1B0 /* PBXContainerItemProxy */ = {
			isa = PBXContainerItemProxy;
			containerPortal = 7048421C1E8E2AD10006D1B0 /* Project object */;
			proxyType = 1;
			remoteGlobalIDString = 704842231E8E2AD10006D1B0;
			remoteInfo = SoolyCitySelector;
		};
		704842441E8E2AD40006D1B0 /* PBXContainerItemProxy */ = {
			isa = PBXContainerItemProxy;
			containerPortal = 7048421C1E8E2AD10006D1B0 /* Project object */;
			proxyType = 1;
			remoteGlobalIDString = 704842231E8E2AD10006D1B0;
			remoteInfo = SoolyCitySelector;
		};
/* End PBXContainerItemProxy section */

/* Begin PBXFileReference section */
		704842241E8E2AD10006D1B0 /* SoolyCitySelector.app */ = {isa = PBXFileReference; explicitFileType = wrapper.application; includeInIndex = 0; path = SoolyCitySelector.app; sourceTree = BUILT_PRODUCTS_DIR; };
		704842271E8E2AD20006D1B0 /* AppDelegate.swift */ = {isa = PBXFileReference; lastKnownFileType = sourcecode.swift; path = AppDelegate.swift; sourceTree = "<group>"; };
		704842291E8E2AD20006D1B0 /* ViewController.swift */ = {isa = PBXFileReference; lastKnownFileType = sourcecode.swift; path = ViewController.swift; sourceTree = "<group>"; };
		7048422C1E8E2AD20006D1B0 /* Base */ = {isa = PBXFileReference; lastKnownFileType = file.storyboard; name = Base; path = Base.lproj/Main.storyboard; sourceTree = "<group>"; };
		7048422E1E8E2AD30006D1B0 /* Assets.xcassets */ = {isa = PBXFileReference; lastKnownFileType = folder.assetcatalog; path = Assets.xcassets; sourceTree = "<group>"; };
		704842311E8E2AD30006D1B0 /* Base */ = {isa = PBXFileReference; lastKnownFileType = file.storyboard; name = Base; path = Base.lproj/LaunchScreen.storyboard; sourceTree = "<group>"; };
		704842331E8E2AD30006D1B0 /* Info.plist */ = {isa = PBXFileReference; lastKnownFileType = text.plist.xml; path = Info.plist; sourceTree = "<group>"; };
		704842381E8E2AD30006D1B0 /* SoolyCitySelectorTests.xctest */ = {isa = PBXFileReference; explicitFileType = wrapper.cfbundle; includeInIndex = 0; path = SoolyCitySelectorTests.xctest; sourceTree = BUILT_PRODUCTS_DIR; };
		7048423C1E8E2AD40006D1B0 /* SoolyCitySelectorTests.swift */ = {isa = PBXFileReference; lastKnownFileType = sourcecode.swift; path = SoolyCitySelectorTests.swift; sourceTree = "<group>"; };
		7048423E1E8E2AD40006D1B0 /* Info.plist */ = {isa = PBXFileReference; lastKnownFileType = text.plist.xml; path = Info.plist; sourceTree = "<group>"; };
		704842431E8E2AD40006D1B0 /* SoolyCitySelectorUITests.xctest */ = {isa = PBXFileReference; explicitFileType = wrapper.cfbundle; includeInIndex = 0; path = SoolyCitySelectorUITests.xctest; sourceTree = BUILT_PRODUCTS_DIR; };
		704842471E8E2AD50006D1B0 /* SoolyCitySelectorUITests.swift */ = {isa = PBXFileReference; lastKnownFileType = sourcecode.swift; path = SoolyCitySelectorUITests.swift; sourceTree = "<group>"; };
		704842491E8E2AD60006D1B0 /* Info.plist */ = {isa = PBXFileReference; lastKnownFileType = text.plist.xml; path = Info.plist; sourceTree = "<group>"; };
/* End PBXFileReference section */

/* Begin PBXFrameworksBuildPhase section */
		704842211E8E2AD10006D1B0 /* Frameworks */ = {
			isa = PBXFrameworksBuildPhase;
			buildActionMask = 2147483647;
			files = (
			);
			runOnlyForDeploymentPostprocessing = 0;
		};
		704842351E8E2AD30006D1B0 /* Frameworks */ = {
			isa = PBXFrameworksBuildPhase;
			buildActionMask = 2147483647;
			files = (
			);
			runOnlyForDeploymentPostprocessing = 0;
		};
		704842401E8E2AD40006D1B0 /* Frameworks */ = {
			isa = PBXFrameworksBuildPhase;
			buildActionMask = 2147483647;
			files = (
			);
			runOnlyForDeploymentPostprocessing = 0;
		};
/* End PBXFrameworksBuildPhase section */

/* Begin PBXGroup section */
		7048421B1E8E2AD10006D1B0 = {
			isa = PBXGroup;
			children = (
				704842261E8E2AD10006D1B0 /* SoolyCitySelector */,
				7048423B1E8E2AD30006D1B0 /* SoolyCitySelectorTests */,
				704842461E8E2AD50006D1B0 /* SoolyCitySelectorUITests */,
				704842251E8E2AD10006D1B0 /* Products */,
			);
			sourceTree = "<group>";
		};
		704842251E8E2AD10006D1B0 /* Products */ = {
			isa = PBXGroup;
			children = (
				704842241E8E2AD10006D1B0 /* SoolyCitySelector.app */,
				704842381E8E2AD30006D1B0 /* SoolyCitySelectorTests.xctest */,
				704842431E8E2AD40006D1B0 /* SoolyCitySelectorUITests.xctest */,
			);
			name = Products;
			sourceTree = "<group>";
		};
		704842261E8E2AD10006D1B0 /* SoolyCitySelector */ = {
			isa = PBXGroup;
			children = (
				704842271E8E2AD20006D1B0 /* AppDelegate.swift */,
				704842291E8E2AD20006D1B0 /* ViewController.swift */,
				7048422B1E8E2AD20006D1B0 /* Main.storyboard */,
				7048422E1E8E2AD30006D1B0 /* Assets.xcassets */,
				704842301E8E2AD30006D1B0 /* LaunchScreen.storyboard */,
				704842331E8E2AD30006D1B0 /* Info.plist */,
			);
			path = SoolyCitySelector;
			sourceTree = "<group>";
		};
		7048423B1E8E2AD30006D1B0 /* SoolyCitySelectorTests */ = {
			isa = PBXGroup;
			children = (
				7048423C1E8E2AD40006D1B0 /* SoolyCitySelectorTests.swift */,
				7048423E1E8E2AD40006D1B0 /* Info.plist */,
			);
			path = SoolyCitySelectorTests;
			sourceTree = "<group>";
		};
		704842461E8E2AD50006D1B0 /* SoolyCitySelectorUITests */ = {
			isa = PBXGroup;
			children = (
				704842471E8E2AD50006D1B0 /* SoolyCitySelectorUITests.swift */,
				704842491E8E2AD60006D1B0 /* Info.plist */,
			);
			path = SoolyCitySelectorUITests;
			sourceTree = "<group>";
		};
/* End PBXGroup section */

/* Begin PBXNativeTarget section */
		704842231E8E2AD10006D1B0 /* SoolyCitySelector */ = {
			isa = PBXNativeTarget;
			buildConfigurationList = 7048424C1E8E2AD60006D1B0 /* Build configuration list for PBXNativeTarget "SoolyCitySelector" */;
			buildPhases = (
				704842201E8E2AD10006D1B0 /* Sources */,
				704842211E8E2AD10006D1B0 /* Frameworks */,
				704842221E8E2AD10006D1B0 /* Resources */,
			);
			buildRules = (
			);
			dependencies = (
			);
			name = SoolyCitySelector;
			productName = SoolyCitySelector;
			productReference = 704842241E8E2AD10006D1B0 /* SoolyCitySelector.app */;
			productType = "com.apple.product-type.application";
		};
		704842371E8E2AD30006D1B0 /* SoolyCitySelectorTests */ = {
			isa = PBXNativeTarget;
			buildConfigurationList = 7048424F1E8E2AD60006D1B0 /* Build configuration list for PBXNativeTarget "SoolyCitySelectorTests" */;
			buildPhases = (
				704842341E8E2AD30006D1B0 /* Sources */,
				704842351E8E2AD30006D1B0 /* Frameworks */,
				704842361E8E2AD30006D1B0 /* Resources */,
			);
			buildRules = (
			);
			dependencies = (
				7048423A1E8E2AD30006D1B0 /* PBXTargetDependency */,
			);
			name = SoolyCitySelectorTests;
			productName = SoolyCitySelectorTests;
			productReference = 704842381E8E2AD30006D1B0 /* SoolyCitySelectorTests.xctest */;
			productType = "com.apple.product-type.bundle.unit-test";
		};
		704842421E8E2AD40006D1B0 /* SoolyCitySelectorUITests */ = {
			isa = PBXNativeTarget;
			buildConfigurationList = 704842521E8E2AD60006D1B0 /* Build configuration list for PBXNativeTarget "SoolyCitySelectorUITests" */;
			buildPhases = (
				7048423F1E8E2AD40006D1B0 /* Sources */,
				704842401E8E2AD40006D1B0 /* Frameworks */,
				704842411E8E2AD40006D1B0 /* Resources */,
			);
			buildRules = (
			);
			dependencies = (
				704842451E8E2AD40006D1B0 /* PBXTargetDependency */,
			);
			name = SoolyCitySelectorUITests;
			productName = SoolyCitySelectorUITests;
			productReference = 704842431E8E2AD40006D1B0 /* SoolyCitySelectorUITests.xctest */;
			productType = "com.apple.product-type.bundle.ui-testing";
		};
/* End PBXNativeTarget section */

/* Begin PBXProject section */
		7048421C1E8E2AD10006D1B0 /* Project object */ = {
			isa = PBXProject;
			attributes = {
				LastSwiftUpdateCheck = 0820;
				LastUpgradeCheck = 0820;
				ORGANIZATIONNAME = SoolyChristina;
				TargetAttributes = {
					704842231E8E2AD10006D1B0 = {
						CreatedOnToolsVersion = 8.2.1;
						ProvisioningStyle = Automatic;
					};
					704842371E8E2AD30006D1B0 = {
						CreatedOnToolsVersion = 8.2.1;
						ProvisioningStyle = Automatic;
						TestTargetID = 704842231E8E2AD10006D1B0;
					};
					704842421E8E2AD40006D1B0 = {
						CreatedOnToolsVersion = 8.2.1;
						ProvisioningStyle = Automatic;
						TestTargetID = 704842231E8E2AD10006D1B0;
					};
				};
			};
			buildConfigurationList = 7048421F1E8E2AD10006D1B0 /* Build configuration list for PBXProject "SoolyCitySelector" */;
			compatibilityVersion = "Xcode 3.2";
			developmentRegion = English;
			hasScannedForEncodings = 0;
			knownRegions = (
				en,
				Base,
			);
			mainGroup = 7048421B1E8E2AD10006D1B0;
			productRefGroup = 704842251E8E2AD10006D1B0 /* Products */;
			projectDirPath = "";
			projectRoot = "";
			targets = (
				704842231E8E2AD10006D1B0 /* SoolyCitySelector */,
				704842371E8E2AD30006D1B0 /* SoolyCitySelectorTests */,
				704842421E8E2AD40006D1B0 /* SoolyCitySelectorUITests */,
			);
		};
/* End PBXProject section */

/* Begin PBXResourcesBuildPhase section */
		704842221E8E2AD10006D1B0 /* Resources */ = {
			isa = PBXResourcesBuildPhase;
			buildActionMask = 2147483647;
			files = (
				704842321E8E2AD30006D1B0 /* LaunchScreen.storyboard in Resources */,
				7048422F1E8E2AD30006D1B0 /* Assets.xcassets in Resources */,
				7048422D1E8E2AD20006D1B0 /* Main.storyboard in Resources */,
			);
			runOnlyForDeploymentPostprocessing = 0;
		};
		704842361E8E2AD30006D1B0 /* Resources */ = {
			isa = PBXResourcesBuildPhase;
			buildActionMask = 2147483647;
			files = (
			);
			runOnlyForDeploymentPostprocessing = 0;
		};
		704842411E8E2AD40006D1B0 /* Resources */ = {
			isa = PBXResourcesBuildPhase;
			buildActionMask = 2147483647;
			files = (
			);
			runOnlyForDeploymentPostprocessing = 0;
		};
/* End PBXResourcesBuildPhase section */

/* Begin PBXSourcesBuildPhase section */
		704842201E8E2AD10006D1B0 /* Sources */ = {
			isa = PBXSourcesBuildPhase;
			buildActionMask = 2147483647;
			files = (
				7048422A1E8E2AD20006D1B0 /* ViewController.swift in Sources */,
				704842281E8E2AD20006D1B0 /* AppDelegate.swift in Sources */,
			);
			runOnlyForDeploymentPostprocessing = 0;
		};
		704842341E8E2AD30006D1B0 /* Sources */ = {
			isa = PBXSourcesBuildPhase;
			buildActionMask = 2147483647;
			files = (
				7048423D1E8E2AD40006D1B0 /* SoolyCitySelectorTests.swift in Sources */,
			);
			runOnlyForDeploymentPostprocessing = 0;
		};
		7048423F1E8E2AD40006D1B0 /* Sources */ = {
			isa = PBXSourcesBuildPhase;
			buildActionMask = 2147483647;
			files = (
				704842481E8E2AD50006D1B0 /* SoolyCitySelectorUITests.swift in Sources */,
			);
			runOnlyForDeploymentPostprocessing = 0;
		};
/* End PBXSourcesBuildPhase section */

/* Begin PBXTargetDependency section */
		7048423A1E8E2AD30006D1B0 /* PBXTargetDependency */ = {
			isa = PBXTargetDependency;
			target = 704842231E8E2AD10006D1B0 /* SoolyCitySelector */;
			targetProxy = 704842391E8E2AD30006D1B0 /* PBXContainerItemProxy */;
		};
		704842451E8E2AD40006D1B0 /* PBXTargetDependency */ = {
			isa = PBXTargetDependency;
			target = 704842231E8E2AD10006D1B0 /* SoolyCitySelector */;
			targetProxy = 704842441E8E2AD40006D1B0 /* PBXContainerItemProxy */;
		};
/* End PBXTargetDependency section */

/* Begin PBXVariantGroup section */
		7048422B1E8E2AD20006D1B0 /* Main.storyboard */ = {
			isa = PBXVariantGroup;
			children = (
				7048422C1E8E2AD20006D1B0 /* Base */,
			);
			name = Main.storyboard;
			sourceTree = "<group>";
		};
		704842301E8E2AD30006D1B0 /* LaunchScreen.storyboard */ = {
			isa = PBXVariantGroup;
			children = (
				704842311E8E2AD30006D1B0 /* Base */,
			);
			name = LaunchScreen.storyboard;
			sourceTree = "<group>";
		};
/* End PBXVariantGroup section */

/* Begin XCBuildConfiguration section */
		7048424A1E8E2AD60006D1B0 /* Debug */ = {
			isa = XCBuildConfiguration;
			buildSettings = {
				ALWAYS_SEARCH_USER_PATHS = NO;
				CLANG_ANALYZER_NONNULL = YES;
				CLANG_CXX_LANGUAGE_STANDARD = "gnu++0x";
				CLANG_CXX_LIBRARY = "libc++";
				CLANG_ENABLE_MODULES = YES;
				CLANG_ENABLE_OBJC_ARC = YES;
				CLANG_WARN_BOOL_CONVERSION = YES;
				CLANG_WARN_CONSTANT_CONVERSION = YES;
				CLANG_WARN_DIRECT_OBJC_ISA_USAGE = YES_ERROR;
				CLANG_WARN_DOCUMENTATION_COMMENTS = YES;
				CLANG_WARN_EMPTY_BODY = YES;
				CLANG_WARN_ENUM_CONVERSION = YES;
				CLANG_WARN_INFINITE_RECURSION = YES;
				CLANG_WARN_INT_CONVERSION = YES;
				CLANG_WARN_OBJC_ROOT_CLASS = YES_ERROR;
				CLANG_WARN_SUSPICIOUS_MOVE = YES;
				CLANG_WARN_UNREACHABLE_CODE = YES;
				CLANG_WARN__DUPLICATE_METHOD_MATCH = YES;
				"CODE_SIGN_IDENTITY[sdk=iphoneos*]" = "iPhone Developer";
				COPY_PHASE_STRIP = NO;
				DEBUG_INFORMATION_FORMAT = dwarf;
				ENABLE_STRICT_OBJC_MSGSEND = YES;
				ENABLE_TESTABILITY = YES;
				GCC_C_LANGUAGE_STANDARD = gnu99;
				GCC_DYNAMIC_NO_PIC = NO;
				GCC_NO_COMMON_BLOCKS = YES;
				GCC_OPTIMIZATION_LEVEL = 0;
				GCC_PREPROCESSOR_DEFINITIONS = (
					"DEBUG=1",
					"$(inherited)",
				);
				GCC_WARN_64_TO_32_BIT_CONVERSION = YES;
				GCC_WARN_ABOUT_RETURN_TYPE = YES_ERROR;
				GCC_WARN_UNDECLARED_SELECTOR = YES;
				GCC_WARN_UNINITIALIZED_AUTOS = YES_AGGRESSIVE;
				GCC_WARN_UNUSED_FUNCTION = YES;
				GCC_WARN_UNUSED_VARIABLE = YES;
				IPHONEOS_DEPLOYMENT_TARGET = 10.2;
				MTL_ENABLE_DEBUG_INFO = YES;
				ONLY_ACTIVE_ARCH = YES;
				SDKROOT = iphoneos;
				SWIFT_ACTIVE_COMPILATION_CONDITIONS = DEBUG;
				SWIFT_OPTIMIZATION_LEVEL = "-Onone";
				TARGETED_DEVICE_FAMILY = "1,2";
			};
			name = Debug;
		};
		7048424B1E8E2AD60006D1B0 /* Release */ = {
			isa = XCBuildConfiguration;
			buildSettings = {
				ALWAYS_SEARCH_USER_PATHS = NO;
				CLANG_ANALYZER_NONNULL = YES;
				CLANG_CXX_LANGUAGE_STANDARD = "gnu++0x";
				CLANG_CXX_LIBRARY = "libc++";
				CLANG_ENABLE_MODULES = YES;
				CLANG_ENABLE_OBJC_ARC = YES;
				CLANG_WARN_BOOL_CONVERSION = YES;
				CLANG_WARN_CONSTANT_CONVERSION = YES;
				CLANG_WARN_DIRECT_OBJC_ISA_USAGE = YES_ERROR;
				CLANG_WARN_DOCUMENTATION_COMMENTS = YES;
				CLANG_WARN_EMPTY_BODY = YES;
				CLANG_WARN_ENUM_CONVERSION = YES;
				CLANG_WARN_INFINITE_RECURSION = YES;
				CLANG_WARN_INT_CONVERSION = YES;
				CLANG_WARN_OBJC_ROOT_CLASS = YES_ERROR;
				CLANG_WARN_SUSPICIOUS_MOVE = YES;
				CLANG_WARN_UNREACHABLE_CODE = YES;
				CLANG_WARN__DUPLICATE_METHOD_MATCH = YES;
				"CODE_SIGN_IDENTITY[sdk=iphoneos*]" = "iPhone Developer";
				COPY_PHASE_STRIP = NO;
				DEBUG_INFORMATION_FORMAT = "dwarf-with-dsym";
				ENABLE_NS_ASSERTIONS = NO;
				ENABLE_STRICT_OBJC_MSGSEND = YES;
				GCC_C_LANGUAGE_STANDARD = gnu99;
				GCC_NO_COMMON_BLOCKS = YES;
				GCC_WARN_64_TO_32_BIT_CONVERSION = YES;
				GCC_WARN_ABOUT_RETURN_TYPE = YES_ERROR;
				GCC_WARN_UNDECLARED_SELECTOR = YES;
				GCC_WARN_UNINITIALIZED_AUTOS = YES_AGGRESSIVE;
				GCC_WARN_UNUSED_FUNCTION = YES;
				GCC_WARN_UNUSED_VARIABLE = YES;
				IPHONEOS_DEPLOYMENT_TARGET = 10.2;
				MTL_ENABLE_DEBUG_INFO = NO;
				SDKROOT = iphoneos;
				SWIFT_OPTIMIZATION_LEVEL = "-Owholemodule";
				TARGETED_DEVICE_FAMILY = "1,2";
				VALIDATE_PRODUCT = YES;
			};
			name = Release;
		};
		7048424D1E8E2AD60006D1B0 /* Debug */ = {
			isa = XCBuildConfiguration;
			buildSettings = {
				ASSETCATALOG_COMPILER_APPICON_NAME = AppIcon;
				INFOPLIST_FILE = SoolyCitySelector/Info.plist;
				LD_RUNPATH_SEARCH_PATHS = "$(inherited) @executable_path/Frameworks";
				PRODUCT_BUNDLE_IDENTIFIER = "-.SoolyCitySelector";
				PRODUCT_NAME = "$(TARGET_NAME)";
				SWIFT_VERSION = 3.0;
			};
			name = Debug;
		};
		7048424E1E8E2AD60006D1B0 /* Release */ = {
			isa = XCBuildConfiguration;
			buildSettings = {
				ASSETCATALOG_COMPILER_APPICON_NAME = AppIcon;
				INFOPLIST_FILE = SoolyCitySelector/Info.plist;
				LD_RUNPATH_SEARCH_PATHS = "$(inherited) @executable_path/Frameworks";
				PRODUCT_BUNDLE_IDENTIFIER = "-.SoolyCitySelector";
				PRODUCT_NAME = "$(TARGET_NAME)";
				SWIFT_VERSION = 3.0;
			};
			name = Release;
		};
		704842501E8E2AD60006D1B0 /* Debug */ = {
			isa = XCBuildConfiguration;
			buildSettings = {
				ALWAYS_EMBED_SWIFT_STANDARD_LIBRARIES = YES;
				BUNDLE_LOADER = "$(TEST_HOST)";
				INFOPLIST_FILE = SoolyCitySelectorTests/Info.plist;
				LD_RUNPATH_SEARCH_PATHS = "$(inherited) @executable_path/Frameworks @loader_path/Frameworks";
				PRODUCT_BUNDLE_IDENTIFIER = "-.SoolyCitySelectorTests";
				PRODUCT_NAME = "$(TARGET_NAME)";
				SWIFT_VERSION = 3.0;
				TEST_HOST = "$(BUILT_PRODUCTS_DIR)/SoolyCitySelector.app/SoolyCitySelector";
			};
			name = Debug;
		};
		704842511E8E2AD60006D1B0 /* Release */ = {
			isa = XCBuildConfiguration;
			buildSettings = {
				ALWAYS_EMBED_SWIFT_STANDARD_LIBRARIES = YES;
				BUNDLE_LOADER = "$(TEST_HOST)";
				INFOPLIST_FILE = SoolyCitySelectorTests/Info.plist;
				LD_RUNPATH_SEARCH_PATHS = "$(inherited) @executable_path/Frameworks @loader_path/Frameworks";
				PRODUCT_BUNDLE_IDENTIFIER = "-.SoolyCitySelectorTests";
				PRODUCT_NAME = "$(TARGET_NAME)";
				SWIFT_VERSION = 3.0;
				TEST_HOST = "$(BUILT_PRODUCTS_DIR)/SoolyCitySelector.app/SoolyCitySelector";
			};
			name = Release;
		};
		704842531E8E2AD60006D1B0 /* Debug */ = {
			isa = XCBuildConfiguration;
			buildSettings = {
				ALWAYS_EMBED_SWIFT_STANDARD_LIBRARIES = YES;
				INFOPLIST_FILE = SoolyCitySelectorUITests/Info.plist;
				LD_RUNPATH_SEARCH_PATHS = "$(inherited) @executable_path/Frameworks @loader_path/Frameworks";
				PRODUCT_BUNDLE_IDENTIFIER = "-.SoolyCitySelectorUITests";
				PRODUCT_NAME = "$(TARGET_NAME)";
				SWIFT_VERSION = 3.0;
				TEST_TARGET_NAME = SoolyCitySelector;
			};
			name = Debug;
		};
		704842541E8E2AD60006D1B0 /* Release */ = {
			isa = XCBuildConfiguration;
			buildSettings = {
				ALWAYS_EMBED_SWIFT_STANDARD_LIBRARIES = YES;
				INFOPLIST_FILE = SoolyCitySelectorUITests/Info.plist;
				LD_RUNPATH_SEARCH_PATHS = "$(inherited) @executable_path/Frameworks @loader_path/Frameworks";
				PRODUCT_BUNDLE_IDENTIFIER = "-.SoolyCitySelectorUITests";
				PRODUCT_NAME = "$(TARGET_NAME)";
				SWIFT_VERSION = 3.0;
				TEST_TARGET_NAME = SoolyCitySelector;
			};
			name = Release;
		};
/* End XCBuildConfiguration section */

/* Begin XCConfigurationList section */
		7048421F1E8E2AD10006D1B0 /* Build configuration list for PBXProject "SoolyCitySelector" */ = {
			isa = XCConfigurationList;
			buildConfigurations = (
				7048424A1E8E2AD60006D1B0 /* Debug */,
				7048424B1E8E2AD60006D1B0 /* Release */,
			);
			defaultConfigurationIsVisible = 0;
			defaultConfigurationName = Release;
		};
		7048424C1E8E2AD60006D1B0 /* Build configuration list for PBXNativeTarget "SoolyCitySelector" */ = {
			isa = XCConfigurationList;
			buildConfigurations = (
				7048424D1E8E2AD60006D1B0 /* Debug */,
				7048424E1E8E2AD60006D1B0 /* Release */,
			);
			defaultConfigurationIsVisible = 0;
		};
		7048424F1E8E2AD60006D1B0 /* Build configuration list for PBXNativeTarget "SoolyCitySelectorTests" */ = {
			isa = XCConfigurationList;
			buildConfigurations = (
				704842501E8E2AD60006D1B0 /* Debug */,
				704842511E8E2AD60006D1B0 /* Release */,
			);
			defaultConfigurationIsVisible = 0;
		};
		704842521E8E2AD60006D1B0 /* Build configuration list for PBXNativeTarget "SoolyCitySelectorUITests" */ = {
			isa = XCConfigurationList;
			buildConfigurations = (
				704842531E8E2AD60006D1B0 /* Debug */,
				704842541E8E2AD60006D1B0 /* Release */,
			);
			defaultConfigurationIsVisible = 0;
		};
/* End XCConfigurationList section */
	};
	rootObject = 7048421C1E8E2AD10006D1B0 /* Project object */;
}
